
Microsoft Visual Studio Solution File, Format Version 12.00
# Visual Studio Version 16
VisualStudioVersion = 16.0.30114.105
MinimumVisualStudioVersion = 10.0.40219.1
Project("{FAE04EC0-301F-11D3-BF4B-00C04F79EFBC}") = "2.12", "2.12\2.12.csproj", "{D330A2DD-1CC7-43AA-8A73-3D95729848A3}"
EndProject
Project("{9A19103F-16F7-4668-BE54-9A1E7A4F7556}") = "2.11", "2.11\2.11.csproj", "{EDD93585-E54D-46F2-8AAC-4DBB2496D1ED}"
EndProject
Project("{FAE04EC0-301F-11D3-BF4B-00C04F79EFBC}") = "2.21", "2.21\2.21.csproj", "{B540EF1E-41BD-40C2-9CBA-3CA975A12FAE}"
EndProject
Global
	GlobalSection(SolutionConfigurationPlatforms) = preSolution
		Debug|Any CPU = Debug|Any CPU
		Release|Any CPU = Release|Any CPU
	EndGlobalSection
	GlobalSection(ProjectConfigurationPlatforms) = postSolution
		{D330A2DD-1CC7-43AA-8A73-3D95729848A3}.Debug|Any CPU.ActiveCfg = Debug|Any CPU
		{D330A2DD-1CC7-43AA-8A73-3D95729848A3}.Debug|Any CPU.Build.0 = Debug|Any CPU
		{D330A2DD-1CC7-43AA-8A73-3D95729848A3}.Release|Any CPU.ActiveCfg = Release|Any CPU
		{D330A2DD-1CC7-43AA-8A73-3D95729848A3}.Release|Any CPU.Build.0 = Release|Any CPU
		{EDD93585-E54D-46F2-8AAC-4DBB2496D1ED}.Debug|Any CPU.ActiveCfg = Debug|Any CPU
		{EDD93585-E54D-46F2-8AAC-4DBB2496D1ED}.Debug|Any CPU.Build.0 = Debug|Any CPU
		{EDD93585-E54D-46F2-8AAC-4DBB2496D1ED}.Release|Any CPU.ActiveCfg = Release|Any CPU
		{EDD93585-E54D-46F2-8AAC-4DBB2496D1ED}.Release|Any CPU.Build.0 = Release|Any CPU
		{B540EF1E-41BD-40C2-9CBA-3CA975A12FAE}.Debug|Any CPU.ActiveCfg = Debug|Any CPU
		{B540EF1E-41BD-40C2-9CBA-3CA975A12FAE}.Debug|Any CPU.Build.0 = Debug|Any CPU
		{B540EF1E-41BD-40C2-9CBA-3CA975A12FAE}.Release|Any CPU.ActiveCfg = Release|Any CPU
		{B540EF1E-41BD-40C2-9CBA-3CA975A12FAE}.Release|Any CPU.Build.0 = Release|Any CPU
	EndGlobalSection
	GlobalSection(SolutionProperties) = preSolution
		HideSolutionNode = FALSE
	EndGlobalSection
	GlobalSection(ExtensibilityGlobals) = postSolution
		SolutionGuid = {4D4B63DE-CD11-4005-86E1-A6EC8AEDB4E7}
	EndGlobalSection
EndGlobal
